
Microsoft Visual Studio Solution File, Format Version 12.00
# Visual Studio Version 16
VisualStudioVersion = 16.0.31702.278
MinimumVisualStudioVersion = 10.0.40219.1
Project("{FAE04EC0-301F-11D3-BF4B-00C04F79EFBC}") = "SistemaCondominio", "SistemaCondominio\SistemaCondominio.csproj", "{482F59D7-58CE-4AE7-9EFC-C5CB1403EF11}"
EndProject
Global
	GlobalSection(SolutionConfigurationPlatforms) = preSolution
		Debug|Any CPU = Debug|Any CPU
		Release|Any CPU = Release|Any CPU
	EndGlobalSection
	GlobalSection(ProjectConfigurationPlatforms) = postSolution
		{482F59D7-58CE-4AE7-9EFC-C5CB1403EF11}.Debug|Any CPU.ActiveCfg = Debug|Any CPU
		{482F59D7-58CE-4AE7-9EFC-C5CB1403EF11}.Debug|Any CPU.Build.0 = Debug|Any CPU
		{482F59D7-58CE-4AE7-9EFC-C5CB1403EF11}.Release|Any CPU.ActiveCfg = Release|Any CPU
		{482F59D7-58CE-4AE7-9EFC-C5CB1403EF11}.Release|Any CPU.Build.0 = Release|Any CPU
	EndGlobalSection
	GlobalSection(SolutionProperties) = preSolution
		HideSolutionNode = FALSE
	EndGlobalSection
	GlobalSection(ExtensibilityGlobals) = postSolution
		SolutionGuid = {741816BE-A98D-431F-82AD-37A94DCF54C9}
	EndGlobalSection
EndGlobal
